// !$*UTF8*$!
{
	archiveVersion = 1;
	classes = {
	};
	objectVersion = 46;
	objects = {

/* Begin PBXBuildFile section */
		14633DA41942430300378CB5 /* Foundation.framework in Frameworks */ = {isa = PBXBuildFile; fileRef = 14633DA31942430300378CB5 /* Foundation.framework */; };
		14633DA61942430300378CB5 /* CoreGraphics.framework in Frameworks */ = {isa = PBXBuildFile; fileRef = 14633DA51942430300378CB5 /* CoreGraphics.framework */; };
		14633DA81942430300378CB5 /* UIKit.framework in Frameworks */ = {isa = PBXBuildFile; fileRef = 14633DA71942430300378CB5 /* UIKit.framework */; };
		14633DAE1942430300378CB5 /* InfoPlist.strings in Resources */ = {isa = PBXBuildFile; fileRef = 14633DAC1942430300378CB5 /* InfoPlist.strings */; };
		14633DB01942430300378CB5 /* main.m in Sources */ = {isa = PBXBuildFile; fileRef = 14633DAF1942430300378CB5 /* main.m */; };
		14633DB41942430300378CB5 /* BWAppDelegate.m in Sources */ = {isa = PBXBuildFile; fileRef = 14633DB31942430300378CB5 /* BWAppDelegate.m */; };
		14633DB71942430300378CB5 /* Main.storyboard in Resources */ = {isa = PBXBuildFile; fileRef = 14633DB51942430300378CB5 /* Main.storyboard */; };
		14633DBA1942430300378CB5 /* BWViewController.m in Sources */ = {isa = PBXBuildFile; fileRef = 14633DB91942430300378CB5 /* BWViewController.m */; };
		14633DBC1942430300378CB5 /* Images.xcassets in Resources */ = {isa = PBXBuildFile; fileRef = 14633DBB1942430300378CB5 /* Images.xcassets */; };
		14633DC31942430300378CB5 /* XCTest.framework in Frameworks */ = {isa = PBXBuildFile; fileRef = 14633DC21942430300378CB5 /* XCTest.framework */; };
		14633DC41942430300378CB5 /* Foundation.framework in Frameworks */ = {isa = PBXBuildFile; fileRef = 14633DA31942430300378CB5 /* Foundation.framework */; };
		14633DC51942430300378CB5 /* UIKit.framework in Frameworks */ = {isa = PBXBuildFile; fileRef = 14633DA71942430300378CB5 /* UIKit.framework */; };
		14633DCD1942430300378CB5 /* InfoPlist.strings in Resources */ = {isa = PBXBuildFile; fileRef = 14633DCB1942430300378CB5 /* InfoPlist.strings */; };
		14633DCF1942430300378CB5 /* UITableViewController_Challenge_SolutionTests.m in Sources */ = {isa = PBXBuildFile; fileRef = 14633DCE1942430300378CB5 /* UITableViewController_Challenge_SolutionTests.m */; };
/* End PBXBuildFile section */

/* Begin PBXContainerItemProxy section */
		14633DC61942430300378CB5 /* PBXContainerItemProxy */ = {
			isa = PBXContainerItemProxy;
			containerPortal = 14633D981942430300378CB5 /* Project object */;
			proxyType = 1;
			remoteGlobalIDString = 14633D9F1942430300378CB5;
			remoteInfo = "UITableViewController Challenge Solution";
		};
/* End PBXContainerItemProxy section */

/* Begin PBXFileReference section */
		14633DA01942430300378CB5 /* UITableViewController Challenge Solution.app */ = {isa = PBXFileReference; explicitFileType = wrapper.application; includeInIndex = 0; path = "UITableViewController Challenge Solution.app"; sourceTree = BUILT_PRODUCTS_DIR; };
		14633DA31942430300378CB5 /* Foundation.framework */ = {isa = PBXFileReference; lastKnownFileType = wrapper.framework; name = Foundation.framework; path = System/Library/Frameworks/Foundation.framework; sourceTree = SDKROOT; };
		14633DA51942430300378CB5 /* CoreGraphics.framework */ = {isa = PBXFileReference; lastKnownFileType = wrapper.framework; name = CoreGraphics.framework; path = System/Library/Frameworks/CoreGraphics.framework; sourceTree = SDKROOT; };
		14633DA71942430300378CB5 /* UIKit.framework */ = {isa = PBXFileReference; lastKnownFileType = wrapper.framework; name = UIKit.framework; path = System/Library/Frameworks/UIKit.framework; sourceTree = SDKROOT; };
		14633DAB1942430300378CB5 /* UITableViewController Challenge Solution-Info.plist */ = {isa = PBXFileReference; lastKnownFileType = text.plist.xml; path = "UITableViewController Challenge Solution-Info.plist"; sourceTree = "<group>"; };
		14633DAD1942430300378CB5 /* en */ = {isa = PBXFileReference; lastKnownFileType = text.plist.strings; name = en; path = en.lproj/InfoPlist.strings; sourceTree = "<group>"; };
		14633DAF1942430300378CB5 /* main.m */ = {isa = PBXFileReference; lastKnownFileType = sourcecode.c.objc; path = main.m; sourceTree = "<group>"; };
		14633DB11942430300378CB5 /* UITableViewController Challenge Solution-Prefix.pch */ = {isa = PBXFileReference; lastKnownFileType = sourcecode.c.h; path = "UITableViewController Challenge Solution-Prefix.pch"; sourceTree = "<group>"; };
		14633DB21942430300378CB5 /* BWAppDelegate.h */ = {isa = PBXFileReference; lastKnownFileType = sourcecode.c.h; path = BWAppDelegate.h; sourceTree = "<group>"; };
		14633DB31942430300378CB5 /* BWAppDelegate.m */ = {isa = PBXFileReference; lastKnownFileType = sourcecode.c.objc; path = BWAppDelegate.m; sourceTree = "<group>"; };
		14633DB61942430300378CB5 /* Base */ = {isa = PBXFileReference; lastKnownFileType = file.storyboard; name = Base; path = Base.lproj/Main.storyboard; sourceTree = "<group>"; };
		14633DB81942430300378CB5 /* BWViewController.h */ = {isa = PBXFileReference; lastKnownFileType = sourcecode.c.h; path = BWViewController.h; sourceTree = "<group>"; };
		14633DB91942430300378CB5 /* BWViewController.m */ = {isa = PBXFileReference; lastKnownFileType = sourcecode.c.objc; path = BWViewController.m; sourceTree = "<group>"; };
		14633DBB1942430300378CB5 /* Images.xcassets */ = {isa = PBXFileReference; lastKnownFileType = folder.assetcatalog; path = Images.xcassets; sourceTree = "<group>"; };
		14633DC11942430300378CB5 /* UITableViewController Challenge SolutionTests.xctest */ = {isa = PBXFileReference; explicitFileType = wrapper.cfbundle; includeInIndex = 0; path = "UITableViewController Challenge SolutionTests.xctest"; sourceTree = BUILT_PRODUCTS_DIR; };
		14633DC21942430300378CB5 /* XCTest.framework */ = {isa = PBXFileReference; lastKnownFileType = wrapper.framework; name = XCTest.framework; path = Library/Frameworks/XCTest.framework; sourceTree = DEVELOPER_DIR; };
		14633DCA1942430300378CB5 /* UITableViewController Challenge SolutionTests-Info.plist */ = {isa = PBXFileReference; lastKnownFileType = text.plist.xml; path = "UITableViewController Challenge SolutionTests-Info.plist"; sourceTree = "<group>"; };
		14633DCC1942430300378CB5 /* en */ = {isa = PBXFileReference; lastKnownFileType = text.plist.strings; name = en; path = en.lproj/InfoPlist.strings; sourceTree = "<group>"; };
		14633DCE1942430300378CB5 /* UITableViewController_Challenge_SolutionTests.m */ = {isa = PBXFileReference; lastKnownFileType = sourcecode.c.objc; path = UITableViewController_Challenge_SolutionTests.m; sourceTree = "<group>"; };
/* End PBXFileReference section */

/* Begin PBXFrameworksBuildPhase section */
		14633D9D1942430300378CB5 /* Frameworks */ = {
			isa = PBXFrameworksBuildPhase;
			buildActionMask = 2147483647;
			files = (
				14633DA61942430300378CB5 /* CoreGraphics.framework in Frameworks */,
				14633DA81942430300378CB5 /* UIKit.framework in Frameworks */,
				14633DA41942430300378CB5 /* Foundation.framework in Frameworks */,
			);
			runOnlyForDeploymentPostprocessing = 0;
		};
		14633DBE1942430300378CB5 /* Frameworks */ = {
			isa = PBXFrameworksBuildPhase;
			buildActionMask = 2147483647;
			files = (
				14633DC31942430300378CB5 /* XCTest.framework in Frameworks */,
				14633DC51942430300378CB5 /* UIKit.framework in Frameworks */,
				14633DC41942430300378CB5 /* Foundation.framework in Frameworks */,
			);
			runOnlyForDeploymentPostprocessing = 0;
		};
/* End PBXFrameworksBuildPhase section */

/* Begin PBXGroup section */
		14633D971942430300378CB5 = {
			isa = PBXGroup;
			children = (
				14633DA91942430300378CB5 /* UITableViewController Challenge Solution */,
				14633DC81942430300378CB5 /* UITableViewController Challenge SolutionTests */,
				14633DA21942430300378CB5 /* Frameworks */,
				14633DA11942430300378CB5 /* Products */,
			);
			sourceTree = "<group>";
		};
		14633DA11942430300378CB5 /* Products */ = {
			isa = PBXGroup;
			children = (
				14633DA01942430300378CB5 /* UITableViewController Challenge Solution.app */,
				14633DC11942430300378CB5 /* UITableViewController Challenge SolutionTests.xctest */,
			);
			name = Products;
			sourceTree = "<group>";
		};
		14633DA21942430300378CB5 /* Frameworks */ = {
			isa = PBXGroup;
			children = (
				14633DA31942430300378CB5 /* Foundation.framework */,
				14633DA51942430300378CB5 /* CoreGraphics.framework */,
				14633DA71942430300378CB5 /* UIKit.framework */,
				14633DC21942430300378CB5 /* XCTest.framework */,
			);
			name = Frameworks;
			sourceTree = "<group>";
		};
		14633DA91942430300378CB5 /* UITableViewController Challenge Solution */ = {
			isa = PBXGroup;
			children = (
				14633DB21942430300378CB5 /* BWAppDelegate.h */,
				14633DB31942430300378CB5 /* BWAppDelegate.m */,
				14633DB51942430300378CB5 /* Main.storyboard */,
				14633DB81942430300378CB5 /* BWViewController.h */,
				14633DB91942430300378CB5 /* BWViewController.m */,
				14633DBB1942430300378CB5 /* Images.xcassets */,
				14633DAA1942430300378CB5 /* Supporting Files */,
			);
			path = "UITableViewController Challenge Solution";
			sourceTree = "<group>";
		};
		14633DAA1942430300378CB5 /* Supporting Files */ = {
			isa = PBXGroup;
			children = (
				14633DAB1942430300378CB5 /* UITableViewController Challenge Solution-Info.plist */,
				14633DAC1942430300378CB5 /* InfoPlist.strings */,
				14633DAF1942430300378CB5 /* main.m */,
				14633DB11942430300378CB5 /* UITableViewController Challenge Solution-Prefix.pch */,
			);
			name = "Supporting Files";
			sourceTree = "<group>";
		};
		14633DC81942430300378CB5 /* UITableViewController Challenge SolutionTests */ = {
			isa = PBXGroup;
			children = (
				14633DCE1942430300378CB5 /* UITableViewController_Challenge_SolutionTests.m */,
				14633DC91942430300378CB5 /* Supporting Files */,
			);
			path = "UITableViewController Challenge SolutionTests";
			sourceTree = "<group>";
		};
		14633DC91942430300378CB5 /* Supporting Files */ = {
			isa = PBXGroup;
			children = (
				14633DCA1942430300378CB5 /* UITableViewController Challenge SolutionTests-Info.plist */,
				14633DCB1942430300378CB5 /* InfoPlist.strings */,
			);
			name = "Supporting Files";
			sourceTree = "<group>";
		};
/* End PBXGroup section */

/* Begin PBXNativeTarget section */
		14633D9F1942430300378CB5 /* UITableViewController Challenge Solution */ = {
			isa = PBXNativeTarget;
			buildConfigurationList = 14633DD21942430300378CB5 /* Build configuration list for PBXNativeTarget "UITableViewController Challenge Solution" */;
			buildPhases = (
				14633D9C1942430300378CB5 /* Sources */,
				14633D9D1942430300378CB5 /* Frameworks */,
				14633D9E1942430300378CB5 /* Resources */,
			);
			buildRules = (
			);
			dependencies = (
			);
			name = "UITableViewController Challenge Solution";
			productName = "UITableViewController Challenge Solution";
			productReference = 14633DA01942430300378CB5 /* UITableViewController Challenge Solution.app */;
			productType = "com.apple.product-type.application";
		};
		14633DC01942430300378CB5 /* UITableViewController Challenge SolutionTests */ = {
			isa = PBXNativeTarget;
			buildConfigurationList = 14633DD51942430300378CB5 /* Build configuration list for PBXNativeTarget "UITableViewController Challenge SolutionTests" */;
			buildPhases = (
				14633DBD1942430300378CB5 /* Sources */,
				14633DBE1942430300378CB5 /* Frameworks */,
				14633DBF1942430300378CB5 /* Resources */,
			);
			buildRules = (
			);
			dependencies = (
				14633DC71942430300378CB5 /* PBXTargetDependency */,
			);
			name = "UITableViewController Challenge SolutionTests";
			productName = "UITableViewController Challenge SolutionTests";
			productReference = 14633DC11942430300378CB5 /* UITableViewController Challenge SolutionTests.xctest */;
			productType = "com.apple.product-type.bundle.unit-test";
		};
/* End PBXNativeTarget section */

/* Begin PBXProject section */
		14633D981942430300378CB5 /* Project object */ = {
			isa = PBXProject;
			attributes = {
				CLASSPREFIX = BW;
				LastUpgradeCheck = 0510;
				ORGANIZATIONNAME = West;
				TargetAttributes = {
					14633DC01942430300378CB5 = {
						TestTargetID = 14633D9F1942430300378CB5;
					};
				};
			};
			buildConfigurationList = 14633D9B1942430300378CB5 /* Build configuration list for PBXProject "UITableViewController Challenge Solution" */;
			compatibilityVersion = "Xcode 3.2";
			developmentRegion = English;
			hasScannedForEncodings = 0;
			knownRegions = (
				en,
				Base,
			);
			mainGroup = 14633D971942430300378CB5;
			productRefGroup = 14633DA11942430300378CB5 /* Products */;
			projectDirPath = "";
			projectRoot = "";
			targets = (
				14633D9F1942430300378CB5 /* UITableViewController Challenge Solution */,
				14633DC01942430300378CB5 /* UITableViewController Challenge SolutionTests */,
			);
		};
/* End PBXProject section */

/* Begin PBXResourcesBuildPhase section */
		14633D9E1942430300378CB5 /* Resources */ = {
			isa = PBXResourcesBuildPhase;
			buildActionMask = 2147483647;
			files = (
				14633DBC1942430300378CB5 /* Images.xcassets in Resources */,
				14633DAE1942430300378CB5 /* InfoPlist.strings in Resources */,
				14633DB71942430300378CB5 /* Main.storyboard in Resources */,
			);
			runOnlyForDeploymentPostprocessing = 0;
		};
		14633DBF1942430300378CB5 /* Resources */ = {
			isa = PBXResourcesBuildPhase;
			buildActionMask = 2147483647;
			files = (
				14633DCD1942430300378CB5 /* InfoPlist.strings in Resources */,
			);
			runOnlyForDeploymentPostprocessing = 0;
		};
/* End PBXResourcesBuildPhase section */

/* Begin PBXSourcesBuildPhase section */
		14633D9C1942430300378CB5 /* Sources */ = {
			isa = PBXSourcesBuildPhase;
			buildActionMask = 2147483647;
			files = (
				14633DBA1942430300378CB5 /* BWViewController.m in Sources */,
				14633DB01942430300378CB5 /* main.m in Sources */,
				14633DB41942430300378CB5 /* BWAppDelegate.m in Sources */,
			);
			runOnlyForDeploymentPostprocessing = 0;
		};
		14633DBD1942430300378CB5 /* Sources */ = {
			isa = PBXSourcesBuildPhase;
			buildActionMask = 2147483647;
			files = (
				14633DCF1942430300378CB5 /* UITableViewController_Challenge_SolutionTests.m in Sources */,
			);
			runOnlyForDeploymentPostprocessing = 0;
		};
/* End PBXSourcesBuildPhase section */

/* Begin PBXTargetDependency section */
		14633DC71942430300378CB5 /* PBXTargetDependency */ = {
			isa = PBXTargetDependency;
			target = 14633D9F1942430300378CB5 /* UITableViewController Challenge Solution */;
			targetProxy = 14633DC61942430300378CB5 /* PBXContainerItemProxy */;
		};
/* End PBXTargetDependency section */

/* Begin PBXVariantGroup section */
		14633DAC1942430300378CB5 /* InfoPlist.strings */ = {
			isa = PBXVariantGroup;
			children = (
				14633DAD1942430300378CB5 /* en */,
			);
			name = InfoPlist.strings;
			sourceTree = "<group>";
		};
		14633DB51942430300378CB5 /* Main.storyboard */ = {
			isa = PBXVariantGroup;
			children = (
				14633DB61942430300378CB5 /* Base */,
			);
			name = Main.storyboard;
			sourceTree = "<group>";
		};
		14633DCB1942430300378CB5 /* InfoPlist.strings */ = {
			isa = PBXVariantGroup;
			children = (
				14633DCC1942430300378CB5 /* en */,
			);
			name = InfoPlist.strings;
			sourceTree = "<group>";
		};
/* End PBXVariantGroup section */

/* Begin XCBuildConfiguration section */
		14633DD01942430300378CB5 /* Debug */ = {
			isa = XCBuildConfiguration;
			buildSettings = {
				ALWAYS_SEARCH_USER_PATHS = NO;
				CLANG_CXX_LANGUAGE_STANDARD = "gnu++0x";
				CLANG_CXX_LIBRARY = "libc++";
				CLANG_ENABLE_MODULES = YES;
				CLANG_ENABLE_OBJC_ARC = YES;
				CLANG_WARN_BOOL_CONVERSION = YES;
				CLANG_WARN_CONSTANT_CONVERSION = YES;
				CLANG_WARN_DIRECT_OBJC_ISA_USAGE = YES_ERROR;
				CLANG_WARN_EMPTY_BODY = YES;
				CLANG_WARN_ENUM_CONVERSION = YES;
				CLANG_WARN_INT_CONVERSION = YES;
				CLANG_WARN_OBJC_ROOT_CLASS = YES_ERROR;
				CLANG_WARN__DUPLICATE_METHOD_MATCH = YES;
				"CODE_SIGN_IDENTITY[sdk=iphoneos*]" = "iPhone Developer";
				COPY_PHASE_STRIP = NO;
				GCC_C_LANGUAGE_STANDARD = gnu99;
				GCC_DYNAMIC_NO_PIC = NO;
				GCC_OPTIMIZATION_LEVEL = 0;
				GCC_PREPROCESSOR_DEFINITIONS = (
					"DEBUG=1",
					"$(inherited)",
				);
				GCC_SYMBOLS_PRIVATE_EXTERN = NO;
				GCC_WARN_64_TO_32_BIT_CONVERSION = YES;
				GCC_WARN_ABOUT_RETURN_TYPE = YES_ERROR;
				GCC_WARN_UNDECLARED_SELECTOR = YES;
				GCC_WARN_UNINITIALIZED_AUTOS = YES_AGGRESSIVE;
				GCC_WARN_UNUSED_FUNCTION = YES;
				GCC_WARN_UNUSED_VARIABLE = YES;
				IPHONEOS_DEPLOYMENT_TARGET = 7.1;
				ONLY_ACTIVE_ARCH = YES;
				SDKROOT = iphoneos;
			};
			name = Debug;
		};
		14633DD11942430300378CB5 /* Release */ = {
			isa = XCBuildConfiguration;
			buildSettings = {
				ALWAYS_SEARCH_USER_PATHS = NO;
				CLANG_CXX_LANGUAGE_STANDARD = "gnu++0x";
				CLANG_CXX_LIBRARY = "libc++";
				CLANG_ENABLE_MODULES = YES;
				CLANG_ENABLE_OBJC_ARC = YES;
				CLANG_WARN_BOOL_CONVERSION = YES;
				CLANG_WARN_CONSTANT_CONVERSION = YES;
				CLANG_WARN_DIRECT_OBJC_ISA_USAGE = YES_ERROR;
				CLANG_WARN_EMPTY_BODY = YES;
				CLANG_WARN_ENUM_CONVERSION = YES;
				CLANG_WARN_INT_CONVERSION = YES;
				CLANG_WARN_OBJC_ROOT_CLASS = YES_ERROR;
				CLANG_WARN__DUPLICATE_METHOD_MATCH = YES;
				"CODE_SIGN_IDENTITY[sdk=iphoneos*]" = "iPhone Developer";
				COPY_PHASE_STRIP = YES;
				ENABLE_NS_ASSERTIONS = NO;
				GCC_C_LANGUAGE_STANDARD = gnu99;
				GCC_WARN_64_TO_32_BIT_CONVERSION = YES;
				GCC_WARN_ABOUT_RETURN_TYPE = YES_ERROR;
				GCC_WARN_UNDECLARED_SELECTOR = YES;
				GCC_WARN_UNINITIALIZED_AUTOS = YES_AGGRESSIVE;
				GCC_WARN_UNUSED_FUNCTION = YES;
				GCC_WARN_UNUSED_VARIABLE = YES;
				IPHONEOS_DEPLOYMENT_TARGET = 7.1;
				SDKROOT = iphoneos;
				VALIDATE_PRODUCT = YES;
			};
			name = Release;
		};
		14633DD31942430300378CB5 /* Debug */ = {
			isa = XCBuildConfiguration;
			buildSettings = {
				ASSETCATALOG_COMPILER_APPICON_NAME = AppIcon;
				ASSETCATALOG_COMPILER_LAUNCHIMAGE_NAME = LaunchImage;
				GCC_PRECOMPILE_PREFIX_HEADER = YES;
				GCC_PREFIX_HEADER = "UITableViewController Challenge Solution/UITableViewController Challenge Solution-Prefix.pch";
				INFOPLIST_FILE = "UITableViewController Challenge Solution/UITableViewController Challenge Solution-Info.plist";
				PRODUCT_NAME = "$(TARGET_NAME)";
				WRAPPER_EXTENSION = app;
			};
			name = Debug;
		};
		14633DD41942430300378CB5 /* Release */ = {
			isa = XCBuildConfiguration;
			buildSettings = {
				ASSETCATALOG_COMPILER_APPICON_NAME = AppIcon;
				ASSETCATALOG_COMPILER_LAUNCHIMAGE_NAME = LaunchImage;
				GCC_PRECOMPILE_PREFIX_HEADER = YES;
				GCC_PREFIX_HEADER = "UITableViewController Challenge Solution/UITableViewController Challenge Solution-Prefix.pch";
				INFOPLIST_FILE = "UITableViewController Challenge Solution/UITableViewController Challenge Solution-Info.plist";
				PRODUCT_NAME = "$(TARGET_NAME)";
				WRAPPER_EXTENSION = app;
			};
			name = Release;
		};
		14633DD61942430300378CB5 /* Debug */ = {
			isa = XCBuildConfiguration;
			buildSettings = {
				BUNDLE_LOADER = "$(BUILT_PRODUCTS_DIR)/UITableViewController Challenge Solution.app/UITableViewController Challenge Solution";
				FRAMEWORK_SEARCH_PATHS = (
					"$(SDKROOT)/Developer/Library/Frameworks",
					"$(inherited)",
					"$(DEVELOPER_FRAMEWORKS_DIR)",
				);
				GCC_PRECOMPILE_PREFIX_HEADER = YES;
				GCC_PREFIX_HEADER = "UITableViewController Challenge Solution/UITableViewController Challenge Solution-Prefix.pch";
				GCC_PREPROCESSOR_DEFINITIONS = (
					"DEBUG=1",
					"$(inherited)",
				);
				INFOPLIST_FILE = "UITableViewController Challenge SolutionTests/UITableViewController Challenge SolutionTests-Info.plist";
				PRODUCT_NAME = "$(TARGET_NAME)";
				TEST_HOST = "$(BUNDLE_LOADER)";
				WRAPPER_EXTENSION = xctest;
			};
			name = Debug;
		};
		14633DD71942430300378CB5 /* Release */ = {
			isa = XCBuildConfiguration;
			buildSettings = {
				BUNDLE_LOADER = "$(BUILT_PRODUCTS_DIR)/UITableViewController Challenge Solution.app/UITableViewController Challenge Solution";
				FRAMEWORK_SEARCH_PATHS = (
					"$(SDKROOT)/Developer/Library/Frameworks",
					"$(inherited)",
					"$(DEVELOPER_FRAMEWORKS_DIR)",
				);
				GCC_PRECOMPILE_PREFIX_HEADER = YES;
				GCC_PREFIX_HEADER = "UITableViewController Challenge Solution/UITableViewController Challenge Solution-Prefix.pch";
				INFOPLIST_FILE = "UITableViewController Challenge SolutionTests/UITableViewController Challenge SolutionTests-Info.plist";
				PRODUCT_NAME = "$(TARGET_NAME)";
				TEST_HOST = "$(BUNDLE_LOADER)";
				WRAPPER_EXTENSION = xctest;
			};
			name = Release;
		};
/* End XCBuildConfiguration section */

/* Begin XCConfigurationList section */
		14633D9B1942430300378CB5 /* Build configuration list for PBXProject "UITableViewController Challenge Solution" */ = {
			isa = XCConfigurationList;
			buildConfigurations = (
				14633DD01942430300378CB5 /* Debug */,
				14633DD11942430300378CB5 /* Release */,
			);
			defaultConfigurationIsVisible = 0;
			defaultConfigurationName = Release;
		};
		14633DD21942430300378CB5 /* Build configuration list for PBXNativeTarget "UITableViewController Challenge Solution" */ = {
			isa = XCConfigurationList;
			buildConfigurations = (
				14633DD31942430300378CB5 /* Debug */,
				14633DD41942430300378CB5 /* Release */,
			);
			defaultConfigurationIsVisible = 0;
		};
		14633DD51942430300378CB5 /* Build configuration list for PBXNativeTarget "UITableViewController Challenge SolutionTests" */ = {
			isa = XCConfigurationList;
			buildConfigurations = (
				14633DD61942430300378CB5 /* Debug */,
				14633DD71942430300378CB5 /* Release */,
			);
			defaultConfigurationIsVisible = 0;
		};
/* End XCConfigurationList section */
	};
	rootObject = 14633D981942430300378CB5 /* Project object */;
}
